
Microsoft Visual Studio Solution File, Format Version 12.00
# Visual Studio 15
VisualStudioVersion = 15.0.27130.2020
MinimumVisualStudioVersion = 10.0.40219.1
Project("{FAE04EC0-301F-11D3-BF4B-00C04F79EFBC}") = "01Piroh", "01Piroh\01Piroh.csproj", "{9EFFD19F-7FC9-4B3A-B96B-43D062DB704A}"
EndProject
Global
	GlobalSection(SolutionConfigurationPlatforms) = preSolution
		Debug|Any CPU = Debug|Any CPU
		Release|Any CPU = Release|Any CPU
	EndGlobalSection
	GlobalSection(ProjectConfigurationPlatforms) = postSolution
		{9EFFD19F-7FC9-4B3A-B96B-43D062DB704A}.Debug|Any CPU.ActiveCfg = Debug|Any CPU
		{9EFFD19F-7FC9-4B3A-B96B-43D062DB704A}.Debug|Any CPU.Build.0 = Debug|Any CPU
		{9EFFD19F-7FC9-4B3A-B96B-43D062DB704A}.Release|Any CPU.ActiveCfg = Release|Any CPU
		{9EFFD19F-7FC9-4B3A-B96B-43D062DB704A}.Release|Any CPU.Build.0 = Release|Any CPU
	EndGlobalSection
	GlobalSection(SolutionProperties) = preSolution
		HideSolutionNode = FALSE
	EndGlobalSection
	GlobalSection(ExtensibilityGlobals) = postSolution
		SolutionGuid = {3F824616-EB00-448A-8BE3-20D0E08C1673}
	EndGlobalSection
EndGlobal
